
Microsoft Visual Studio Solution File, Format Version 12.00
# Visual Studio Version 17
VisualStudioVersion = 17.5.33516.290
MinimumVisualStudioVersion = 10.0.40219.1
Project("{9A19103F-16F7-4668-BE54-9A1E7A4F7556}") = "TelephoneStationAPI", "TelephoneStationAPI.csproj", "{81D41BA9-F4C7-4BD8-B947-9535297ECC37}"
EndProject
Project("{9A19103F-16F7-4668-BE54-9A1E7A4F7556}") = "TelephoneStationDAL", "..\TelephoneStationDAL\TelephoneStationDAL.csproj", "{48D54DE8-634F-4CBE-9AB5-7CE4F8BD5F8A}"
EndProject
Project("{9A19103F-16F7-4668-BE54-9A1E7A4F7556}") = "TelephoneStationBLL", "..\TelephoneStationBLL\TelephoneStationBLL.csproj", "{D6228351-5C10-4D70-9A12-A5204B180B3D}"
EndProject
Global
	GlobalSection(SolutionConfigurationPlatforms) = preSolution
		Debug|Any CPU = Debug|Any CPU
		Release|Any CPU = Release|Any CPU
	EndGlobalSection
	GlobalSection(ProjectConfigurationPlatforms) = postSolution
		{81D41BA9-F4C7-4BD8-B947-9535297ECC37}.Debug|Any CPU.ActiveCfg = Debug|Any CPU
		{81D41BA9-F4C7-4BD8-B947-9535297ECC37}.Debug|Any CPU.Build.0 = Debug|Any CPU
		{81D41BA9-F4C7-4BD8-B947-9535297ECC37}.Release|Any CPU.ActiveCfg = Release|Any CPU
		{81D41BA9-F4C7-4BD8-B947-9535297ECC37}.Release|Any CPU.Build.0 = Release|Any CPU
		{48D54DE8-634F-4CBE-9AB5-7CE4F8BD5F8A}.Debug|Any CPU.ActiveCfg = Debug|Any CPU
		{48D54DE8-634F-4CBE-9AB5-7CE4F8BD5F8A}.Debug|Any CPU.Build.0 = Debug|Any CPU
		{48D54DE8-634F-4CBE-9AB5-7CE4F8BD5F8A}.Release|Any CPU.ActiveCfg = Release|Any CPU
		{48D54DE8-634F-4CBE-9AB5-7CE4F8BD5F8A}.Release|Any CPU.Build.0 = Release|Any CPU
		{D6228351-5C10-4D70-9A12-A5204B180B3D}.Debug|Any CPU.ActiveCfg = Debug|Any CPU
		{D6228351-5C10-4D70-9A12-A5204B180B3D}.Debug|Any CPU.Build.0 = Debug|Any CPU
		{D6228351-5C10-4D70-9A12-A5204B180B3D}.Release|Any CPU.ActiveCfg = Release|Any CPU
		{D6228351-5C10-4D70-9A12-A5204B180B3D}.Release|Any CPU.Build.0 = Release|Any CPU
	EndGlobalSection
	GlobalSection(SolutionProperties) = preSolution
		HideSolutionNode = FALSE
	EndGlobalSection
	GlobalSection(ExtensibilityGlobals) = postSolution
		SolutionGuid = {6D0D4898-319F-4D27-BDFB-4B1FA807F376}
	EndGlobalSection
EndGlobal
