
Microsoft Visual Studio Solution File, Format Version 12.00
# Visual Studio Version 17
VisualStudioVersion = 17.5.33516.290
MinimumVisualStudioVersion = 10.0.40219.1
Project("{9A19103F-16F7-4668-BE54-9A1E7A4F7556}") = "TelephoneStationAPI", "TelephoneStationAPI.csproj", "{81D41BA9-F4C7-4BD8-B947-9535297ECC37}"
EndProject
Project("{9A19103F-16F7-4668-BE54-9A1E7A4F7556}") = "TelephoneStationDAL", "..\TelephoneStationDAL\TelephoneStationDAL.csproj", "{48D54DE8-634F-4CBE-9AB5-7CE4F8BD5F8A}"
EndProject
Project("{9A19103F-16F7-4668-BE54-9A1E7A4F7556}") = "TelephoneStationBLL", "..\TelephoneStationBLL\TelephoneStationBLL.csproj", "{D6228351-5C10-4D70-9A12-A5204B180B3D}"
EndProject
Project("{FAE04EC0-301F-11D3-BF4B-00C04F79EFBC}") = "UserMicroService", "..\UserMicroService\UserMicroService.csproj", "{BD200195-0934-4752-9A4B-5115F9593152}"
EndProject
Project("{FAE04EC0-301F-11D3-BF4B-00C04F79EFBC}") = "ServiceMicroService", "..\ServiceMicroService\ServiceMicroService.csproj", "{057A1C23-3C0A-4E14-85E1-F5DB41FC1BF3}"
EndProject
Project("{FAE04EC0-301F-11D3-BF4B-00C04F79EFBC}") = "SubscriptionMicroService", "..\SubscriptionMicroService\SubscriptionMicroService.csproj", "{BF83C98F-A7DA-4A85-AB60-092D827AB031}"
EndProject
Project("{FAE04EC0-301F-11D3-BF4B-00C04F79EFBC}") = "CallMicroService", "..\CallMicroService\CallMicroService.csproj", "{D26737D5-B6C6-4574-A528-3CB4734857A9}"
	ProjectSection(ProjectDependencies) = postProject
		{48D54DE8-634F-4CBE-9AB5-7CE4F8BD5F8A} = {48D54DE8-634F-4CBE-9AB5-7CE4F8BD5F8A}
	EndProjectSection
EndProject
Project("{FAE04EC0-301F-11D3-BF4B-00C04F79EFBC}") = "ReceiptMicroService", "..\ReceiptMicroService\ReceiptMicroService.csproj", "{392032B2-F423-45F3-BFE6-9C0250FD4FBD}"
EndProject
Project("{2150E333-8FDC-42A3-9474-1A3956D46DE8}") = "MicroServices", "MicroServices", "{6EEAADE5-6D2A-49F8-9095-62CAD0D958EA}"
EndProject
Project("{FAE04EC0-301F-11D3-BF4B-00C04F79EFBC}") = "UserMicroServiceAPI", "..\UserMicroServiceAPI\UserMicroServiceAPI.csproj", "{94D78F00-2FA0-4B64-BF08-76D706383B3F}"
EndProject
Project("{FAE04EC0-301F-11D3-BF4B-00C04F79EFBC}") = "SubscriptionMicroServiceAPI", "..\SubscriptionMicroServiceAPI\SubscriptionMicroServiceAPI.csproj", "{D72EAE41-FA70-4002-AFD3-DCE23C86F9E4}"
EndProject
Project("{FAE04EC0-301F-11D3-BF4B-00C04F79EFBC}") = "ServiceMicroServiceAPI", "..\ServiceMicroServiceAPI\ServiceMicroServiceAPI.csproj", "{57C5C96D-1002-4329-BBD4-50719A192386}"
EndProject
Project("{FAE04EC0-301F-11D3-BF4B-00C04F79EFBC}") = "ReceiptMicroServiceAPI", "..\ReceiptMicroServiceAPI\ReceiptMicroServiceAPI.csproj", "{4AD20513-F43A-4544-82B1-13D603015385}"
EndProject
Project("{FAE04EC0-301F-11D3-BF4B-00C04F79EFBC}") = "CallMicroServiceAPI", "..\CallMicroServiceAPI\CallMicroServiceAPI.csproj", "{0C1B4506-F547-4130-9BA2-ECF88A9FF420}"
EndProject
Project("{FAE04EC0-301F-11D3-BF4B-00C04F79EFBC}") = "AdminMicroService", "..\AdminMicroService\AdminMicroService.csproj", "{A990CB2E-F40D-46D0-8523-E86F2134C62B}"
EndProject
Project("{FAE04EC0-301F-11D3-BF4B-00C04F79EFBC}") = "BallanceMicroService", "..\BallanceMicroService\BallanceMicroService.csproj", "{D54E2BE7-BFB4-4123-B6CB-80B9F87CF2A7}"
EndProject
Project("{FAE04EC0-301F-11D3-BF4B-00C04F79EFBC}") = "AuthorizationMicroService", "..\AuthorizationMicroService\AuthorizationMicroService.csproj", "{A357FA9B-5BDD-4CBA-A569-10A3D3E7FF89}"
EndProject
Project("{FAE04EC0-301F-11D3-BF4B-00C04F79EFBC}") = "BallanceMicroServiceAPI", "..\BallanceMicroServiceAPI\BallanceMicroServiceAPI.csproj", "{2C2119C5-7A3B-4BDA-BC20-3C26D985E1C1}"
EndProject
Project("{FAE04EC0-301F-11D3-BF4B-00C04F79EFBC}") = "AuthorizationMicroServiceAPI", "..\AuthorizationMicroServiceAPI\AuthorizationMicroServiceAPI.csproj", "{8FD0C5CF-EAF6-4621-A538-14CD305AA477}"
EndProject
Project("{FAE04EC0-301F-11D3-BF4B-00C04F79EFBC}") = "AdminMicroServiceAPI", "..\AdminMicroServiceAPI\AdminMicroServiceAPI.csproj", "{05164F0C-EDF9-4C58-9284-556B53A0186A}"
EndProject
Global
	GlobalSection(SolutionConfigurationPlatforms) = preSolution
		Debug|Any CPU = Debug|Any CPU
		Release|Any CPU = Release|Any CPU
	EndGlobalSection
	GlobalSection(ProjectConfigurationPlatforms) = postSolution
		{81D41BA9-F4C7-4BD8-B947-9535297ECC37}.Debug|Any CPU.ActiveCfg = Debug|Any CPU
		{81D41BA9-F4C7-4BD8-B947-9535297ECC37}.Debug|Any CPU.Build.0 = Debug|Any CPU
		{81D41BA9-F4C7-4BD8-B947-9535297ECC37}.Release|Any CPU.ActiveCfg = Release|Any CPU
		{81D41BA9-F4C7-4BD8-B947-9535297ECC37}.Release|Any CPU.Build.0 = Release|Any CPU
		{48D54DE8-634F-4CBE-9AB5-7CE4F8BD5F8A}.Debug|Any CPU.ActiveCfg = Debug|Any CPU
		{48D54DE8-634F-4CBE-9AB5-7CE4F8BD5F8A}.Debug|Any CPU.Build.0 = Debug|Any CPU
		{48D54DE8-634F-4CBE-9AB5-7CE4F8BD5F8A}.Release|Any CPU.ActiveCfg = Release|Any CPU
		{48D54DE8-634F-4CBE-9AB5-7CE4F8BD5F8A}.Release|Any CPU.Build.0 = Release|Any CPU
		{D6228351-5C10-4D70-9A12-A5204B180B3D}.Debug|Any CPU.ActiveCfg = Debug|Any CPU
		{D6228351-5C10-4D70-9A12-A5204B180B3D}.Debug|Any CPU.Build.0 = Debug|Any CPU
		{D6228351-5C10-4D70-9A12-A5204B180B3D}.Release|Any CPU.ActiveCfg = Release|Any CPU
		{D6228351-5C10-4D70-9A12-A5204B180B3D}.Release|Any CPU.Build.0 = Release|Any CPU
		{BD200195-0934-4752-9A4B-5115F9593152}.Debug|Any CPU.ActiveCfg = Debug|Any CPU
		{BD200195-0934-4752-9A4B-5115F9593152}.Debug|Any CPU.Build.0 = Debug|Any CPU
		{BD200195-0934-4752-9A4B-5115F9593152}.Release|Any CPU.ActiveCfg = Release|Any CPU
		{BD200195-0934-4752-9A4B-5115F9593152}.Release|Any CPU.Build.0 = Release|Any CPU
		{057A1C23-3C0A-4E14-85E1-F5DB41FC1BF3}.Debug|Any CPU.ActiveCfg = Debug|Any CPU
		{057A1C23-3C0A-4E14-85E1-F5DB41FC1BF3}.Debug|Any CPU.Build.0 = Debug|Any CPU
		{057A1C23-3C0A-4E14-85E1-F5DB41FC1BF3}.Release|Any CPU.ActiveCfg = Release|Any CPU
		{057A1C23-3C0A-4E14-85E1-F5DB41FC1BF3}.Release|Any CPU.Build.0 = Release|Any CPU
		{BF83C98F-A7DA-4A85-AB60-092D827AB031}.Debug|Any CPU.ActiveCfg = Debug|Any CPU
		{BF83C98F-A7DA-4A85-AB60-092D827AB031}.Debug|Any CPU.Build.0 = Debug|Any CPU
		{BF83C98F-A7DA-4A85-AB60-092D827AB031}.Release|Any CPU.ActiveCfg = Release|Any CPU
		{BF83C98F-A7DA-4A85-AB60-092D827AB031}.Release|Any CPU.Build.0 = Release|Any CPU
		{D26737D5-B6C6-4574-A528-3CB4734857A9}.Debug|Any CPU.ActiveCfg = Debug|Any CPU
		{D26737D5-B6C6-4574-A528-3CB4734857A9}.Debug|Any CPU.Build.0 = Debug|Any CPU
		{D26737D5-B6C6-4574-A528-3CB4734857A9}.Release|Any CPU.ActiveCfg = Release|Any CPU
		{D26737D5-B6C6-4574-A528-3CB4734857A9}.Release|Any CPU.Build.0 = Release|Any CPU
		{392032B2-F423-45F3-BFE6-9C0250FD4FBD}.Debug|Any CPU.ActiveCfg = Debug|Any CPU
		{392032B2-F423-45F3-BFE6-9C0250FD4FBD}.Debug|Any CPU.Build.0 = Debug|Any CPU
		{392032B2-F423-45F3-BFE6-9C0250FD4FBD}.Release|Any CPU.ActiveCfg = Release|Any CPU
		{392032B2-F423-45F3-BFE6-9C0250FD4FBD}.Release|Any CPU.Build.0 = Release|Any CPU
		{94D78F00-2FA0-4B64-BF08-76D706383B3F}.Debug|Any CPU.ActiveCfg = Debug|Any CPU
		{94D78F00-2FA0-4B64-BF08-76D706383B3F}.Debug|Any CPU.Build.0 = Debug|Any CPU
		{94D78F00-2FA0-4B64-BF08-76D706383B3F}.Release|Any CPU.ActiveCfg = Release|Any CPU
		{94D78F00-2FA0-4B64-BF08-76D706383B3F}.Release|Any CPU.Build.0 = Release|Any CPU
		{D72EAE41-FA70-4002-AFD3-DCE23C86F9E4}.Debug|Any CPU.ActiveCfg = Debug|Any CPU
		{D72EAE41-FA70-4002-AFD3-DCE23C86F9E4}.Debug|Any CPU.Build.0 = Debug|Any CPU
		{D72EAE41-FA70-4002-AFD3-DCE23C86F9E4}.Release|Any CPU.ActiveCfg = Release|Any CPU
		{D72EAE41-FA70-4002-AFD3-DCE23C86F9E4}.Release|Any CPU.Build.0 = Release|Any CPU
		{57C5C96D-1002-4329-BBD4-50719A192386}.Debug|Any CPU.ActiveCfg = Debug|Any CPU
		{57C5C96D-1002-4329-BBD4-50719A192386}.Debug|Any CPU.Build.0 = Debug|Any CPU
		{57C5C96D-1002-4329-BBD4-50719A192386}.Release|Any CPU.ActiveCfg = Release|Any CPU
		{57C5C96D-1002-4329-BBD4-50719A192386}.Release|Any CPU.Build.0 = Release|Any CPU
		{4AD20513-F43A-4544-82B1-13D603015385}.Debug|Any CPU.ActiveCfg = Debug|Any CPU
		{4AD20513-F43A-4544-82B1-13D603015385}.Debug|Any CPU.Build.0 = Debug|Any CPU
		{4AD20513-F43A-4544-82B1-13D603015385}.Release|Any CPU.ActiveCfg = Release|Any CPU
		{4AD20513-F43A-4544-82B1-13D603015385}.Release|Any CPU.Build.0 = Release|Any CPU
		{0C1B4506-F547-4130-9BA2-ECF88A9FF420}.Debug|Any CPU.ActiveCfg = Debug|Any CPU
		{0C1B4506-F547-4130-9BA2-ECF88A9FF420}.Debug|Any CPU.Build.0 = Debug|Any CPU
		{0C1B4506-F547-4130-9BA2-ECF88A9FF420}.Release|Any CPU.ActiveCfg = Release|Any CPU
		{0C1B4506-F547-4130-9BA2-ECF88A9FF420}.Release|Any CPU.Build.0 = Release|Any CPU
		{A990CB2E-F40D-46D0-8523-E86F2134C62B}.Debug|Any CPU.ActiveCfg = Debug|Any CPU
		{A990CB2E-F40D-46D0-8523-E86F2134C62B}.Debug|Any CPU.Build.0 = Debug|Any CPU
		{A990CB2E-F40D-46D0-8523-E86F2134C62B}.Release|Any CPU.ActiveCfg = Release|Any CPU
		{A990CB2E-F40D-46D0-8523-E86F2134C62B}.Release|Any CPU.Build.0 = Release|Any CPU
		{D54E2BE7-BFB4-4123-B6CB-80B9F87CF2A7}.Debug|Any CPU.ActiveCfg = Debug|Any CPU
		{D54E2BE7-BFB4-4123-B6CB-80B9F87CF2A7}.Debug|Any CPU.Build.0 = Debug|Any CPU
		{D54E2BE7-BFB4-4123-B6CB-80B9F87CF2A7}.Release|Any CPU.ActiveCfg = Release|Any CPU
		{D54E2BE7-BFB4-4123-B6CB-80B9F87CF2A7}.Release|Any CPU.Build.0 = Release|Any CPU
		{A357FA9B-5BDD-4CBA-A569-10A3D3E7FF89}.Debug|Any CPU.ActiveCfg = Debug|Any CPU
		{A357FA9B-5BDD-4CBA-A569-10A3D3E7FF89}.Debug|Any CPU.Build.0 = Debug|Any CPU
		{A357FA9B-5BDD-4CBA-A569-10A3D3E7FF89}.Release|Any CPU.ActiveCfg = Release|Any CPU
		{A357FA9B-5BDD-4CBA-A569-10A3D3E7FF89}.Release|Any CPU.Build.0 = Release|Any CPU
		{2C2119C5-7A3B-4BDA-BC20-3C26D985E1C1}.Debug|Any CPU.ActiveCfg = Debug|Any CPU
		{2C2119C5-7A3B-4BDA-BC20-3C26D985E1C1}.Debug|Any CPU.Build.0 = Debug|Any CPU
		{2C2119C5-7A3B-4BDA-BC20-3C26D985E1C1}.Release|Any CPU.ActiveCfg = Release|Any CPU
		{2C2119C5-7A3B-4BDA-BC20-3C26D985E1C1}.Release|Any CPU.Build.0 = Release|Any CPU
		{8FD0C5CF-EAF6-4621-A538-14CD305AA477}.Debug|Any CPU.ActiveCfg = Debug|Any CPU
		{8FD0C5CF-EAF6-4621-A538-14CD305AA477}.Debug|Any CPU.Build.0 = Debug|Any CPU
		{8FD0C5CF-EAF6-4621-A538-14CD305AA477}.Release|Any CPU.ActiveCfg = Release|Any CPU
		{8FD0C5CF-EAF6-4621-A538-14CD305AA477}.Release|Any CPU.Build.0 = Release|Any CPU
		{05164F0C-EDF9-4C58-9284-556B53A0186A}.Debug|Any CPU.ActiveCfg = Debug|Any CPU
		{05164F0C-EDF9-4C58-9284-556B53A0186A}.Debug|Any CPU.Build.0 = Debug|Any CPU
		{05164F0C-EDF9-4C58-9284-556B53A0186A}.Release|Any CPU.ActiveCfg = Release|Any CPU
		{05164F0C-EDF9-4C58-9284-556B53A0186A}.Release|Any CPU.Build.0 = Release|Any CPU
	EndGlobalSection
	GlobalSection(SolutionProperties) = preSolution
		HideSolutionNode = FALSE
	EndGlobalSection
	GlobalSection(NestedProjects) = preSolution
		{BD200195-0934-4752-9A4B-5115F9593152} = {6EEAADE5-6D2A-49F8-9095-62CAD0D958EA}
		{057A1C23-3C0A-4E14-85E1-F5DB41FC1BF3} = {6EEAADE5-6D2A-49F8-9095-62CAD0D958EA}
		{BF83C98F-A7DA-4A85-AB60-092D827AB031} = {6EEAADE5-6D2A-49F8-9095-62CAD0D958EA}
		{D26737D5-B6C6-4574-A528-3CB4734857A9} = {6EEAADE5-6D2A-49F8-9095-62CAD0D958EA}
		{392032B2-F423-45F3-BFE6-9C0250FD4FBD} = {6EEAADE5-6D2A-49F8-9095-62CAD0D958EA}
		{94D78F00-2FA0-4B64-BF08-76D706383B3F} = {6EEAADE5-6D2A-49F8-9095-62CAD0D958EA}
		{D72EAE41-FA70-4002-AFD3-DCE23C86F9E4} = {6EEAADE5-6D2A-49F8-9095-62CAD0D958EA}
		{57C5C96D-1002-4329-BBD4-50719A192386} = {6EEAADE5-6D2A-49F8-9095-62CAD0D958EA}
		{4AD20513-F43A-4544-82B1-13D603015385} = {6EEAADE5-6D2A-49F8-9095-62CAD0D958EA}
		{0C1B4506-F547-4130-9BA2-ECF88A9FF420} = {6EEAADE5-6D2A-49F8-9095-62CAD0D958EA}
		{A990CB2E-F40D-46D0-8523-E86F2134C62B} = {6EEAADE5-6D2A-49F8-9095-62CAD0D958EA}
		{D54E2BE7-BFB4-4123-B6CB-80B9F87CF2A7} = {6EEAADE5-6D2A-49F8-9095-62CAD0D958EA}
		{A357FA9B-5BDD-4CBA-A569-10A3D3E7FF89} = {6EEAADE5-6D2A-49F8-9095-62CAD0D958EA}
		{2C2119C5-7A3B-4BDA-BC20-3C26D985E1C1} = {6EEAADE5-6D2A-49F8-9095-62CAD0D958EA}
		{8FD0C5CF-EAF6-4621-A538-14CD305AA477} = {6EEAADE5-6D2A-49F8-9095-62CAD0D958EA}
		{05164F0C-EDF9-4C58-9284-556B53A0186A} = {6EEAADE5-6D2A-49F8-9095-62CAD0D958EA}
	EndGlobalSection
	GlobalSection(ExtensibilityGlobals) = postSolution
		SolutionGuid = {6D0D4898-319F-4D27-BDFB-4B1FA807F376}
	EndGlobalSection
EndGlobal
