
Microsoft Visual Studio Solution File, Format Version 12.00
# Visual Studio Version 17
VisualStudioVersion = 17.5.33516.290
MinimumVisualStudioVersion = 10.0.40219.1
Project("{FAE04EC0-301F-11D3-BF4B-00C04F79EFBC}") = "VerificationMicroService", "VerificationMicroService.csproj", "{8500AD45-BFB4-41B7-B047-4EF822C2126E}"
EndProject
Global
	GlobalSection(SolutionConfigurationPlatforms) = preSolution
		Debug|Any CPU = Debug|Any CPU
		Release|Any CPU = Release|Any CPU
	EndGlobalSection
	GlobalSection(ProjectConfigurationPlatforms) = postSolution
		{8500AD45-BFB4-41B7-B047-4EF822C2126E}.Debug|Any CPU.ActiveCfg = Debug|Any CPU
		{8500AD45-BFB4-41B7-B047-4EF822C2126E}.Debug|Any CPU.Build.0 = Debug|Any CPU
		{8500AD45-BFB4-41B7-B047-4EF822C2126E}.Release|Any CPU.ActiveCfg = Release|Any CPU
		{8500AD45-BFB4-41B7-B047-4EF822C2126E}.Release|Any CPU.Build.0 = Release|Any CPU
	EndGlobalSection
	GlobalSection(SolutionProperties) = preSolution
		HideSolutionNode = FALSE
	EndGlobalSection
	GlobalSection(ExtensibilityGlobals) = postSolution
		SolutionGuid = {A50616CD-F8E1-43D6-84A9-C00ECE4EA85A}
	EndGlobalSection
EndGlobal
